<?xml version="1.0" encoding="utf-8"?>
<Project ToolsVersion="4.0" xmlns="http://schemas.microsoft.com/developer/msbuild/2003">
  <ItemGroup>
    <Filter Include="소스 파일">
      <UniqueIdentifier>{4FC737F1-C7A5-4376-A066-2A32D752A2FF}</UniqueIdentifier>
      <Extensions>cpp;c;cc;cxx;c++;cppm;ixx;def;odl;idl;hpj;bat;asm;asmx</Extensions>
    </Filter>
    <Filter Include="헤더 파일">
      <UniqueIdentifier>{93995380-89BD-4b04-88EB-625FBE52EBFB}</UniqueIdentifier>
      <Extensions>h;hh;hpp;hxx;h++;hm;inl;inc;ipp;xsd</Extensions>
    </Filter>
    <Filter Include="리소스 파일">
      <UniqueIdentifier>{67DA6AB6-F800-4c08-8B7A-83BB121AAD01}</UniqueIdentifier>
      <Extensions>rc;ico;cur;bmp;dlg;rc2;rct;bin;rgs;gif;jpg;jpeg;jpe;resx;tiff;tif;png;wav;mfcribbon-ms</Extensions>
    </Filter>
    <Filter Include="01.Main">
      <UniqueIdentifier>{1d181512-cc75-432d-b31d-a90f47aeb0a3}</UniqueIdentifier>
    </Filter>
    <Filter Include="99.Headers">
      <UniqueIdentifier>{f0fe3924-031f-4aca-8872-704e15901086}</UniqueIdentifier>
    </Filter>
    <Filter Include="02.Managers">
      <UniqueIdentifier>{a6d4957b-b20a-4360-b0f2-f214bba84e77}</UniqueIdentifier>
    </Filter>
    <Filter Include="03.Scene">
      <UniqueIdentifier>{28968c13-2d19-4e15-863f-c3b3ec467be0}</UniqueIdentifier>
    </Filter>
    <Filter Include="04.Util">
      <UniqueIdentifier>{d21d758f-fa62-4525-ae2d-70a988c67e46}</UniqueIdentifier>
    </Filter>
  </ItemGroup>
  <ItemGroup>
    <ClInclude Include="targetver.h">
      <Filter>헤더 파일</Filter>
    </ClInclude>
    <ClInclude Include="Resource.h">
      <Filter>헤더 파일</Filter>
    </ClInclude>
    <ClInclude Include="Engine3D.h">
      <Filter>01.Main</Filter>
    </ClInclude>
    <ClInclude Include="Game.h">
      <Filter>01.Main</Filter>
    </ClInclude>
    <ClInclude Include="Defines.h">
      <Filter>99.Headers</Filter>
    </ClInclude>
    <ClInclude Include="Mesh.h">
      <Filter>99.Headers</Filter>
    </ClInclude>
    <ClInclude Include="Types.h">
      <Filter>99.Headers</Filter>
    </ClInclude>
    <ClInclude Include="Vector.h">
      <Filter>99.Headers</Filter>
    </ClInclude>
    <ClInclude Include="InputManager.h">
      <Filter>02.Managers</Filter>
    </ClInclude>
    <ClInclude Include="TimeManager.h">
      <Filter>02.Managers</Filter>
    </ClInclude>
    <ClInclude Include="olcEngine3D.h">
      <Filter>03.Scene</Filter>
    </ClInclude>
    <ClInclude Include="Utils.h">
      <Filter>04.Util</Filter>
    </ClInclude>
    <ClInclude Include="framework.h">
      <Filter>99.Headers</Filter>
    </ClInclude>
    <ClInclude Include="SceneManager.h">
      <Filter>02.Managers</Filter>
    </ClInclude>
    <ClInclude Include="Scene.h">
      <Filter>03.Scene</Filter>
    </ClInclude>
    <ClInclude Include="Enums.h">
      <Filter>99.Headers</Filter>
    </ClInclude>
    <ClInclude Include="olcEngine3d_2.h">
      <Filter>03.Scene</Filter>
    </ClInclude>
  </ItemGroup>
  <ItemGroup>
    <ClCompile Include="Engine3D.cpp">
      <Filter>01.Main</Filter>
    </ClCompile>
    <ClCompile Include="Game.cpp">
      <Filter>01.Main</Filter>
    </ClCompile>
    <ClCompile Include="InputManager.cpp">
      <Filter>02.Managers</Filter>
    </ClCompile>
    <ClCompile Include="TimeManager.cpp">
      <Filter>02.Managers</Filter>
    </ClCompile>
    <ClCompile Include="olcEngine3D.cpp">
      <Filter>03.Scene</Filter>
    </ClCompile>
    <ClCompile Include="Utils.cpp">
      <Filter>04.Util</Filter>
    </ClCompile>
    <ClCompile Include="SceneManager.cpp">
      <Filter>02.Managers</Filter>
    </ClCompile>
    <ClCompile Include="Scene.cpp">
      <Filter>03.Scene</Filter>
    </ClCompile>
    <ClCompile Include="olcEngine3d_2.cpp">
      <Filter>03.Scene</Filter>
    </ClCompile>
  </ItemGroup>
  <ItemGroup>
    <ResourceCompile Include="Engine3D.rc">
      <Filter>리소스 파일</Filter>
    </ResourceCompile>
  </ItemGroup>
  <ItemGroup>
    <Image Include="small.ico">
      <Filter>리소스 파일</Filter>
    </Image>
    <Image Include="Engine3D.ico">
      <Filter>리소스 파일</Filter>
    </Image>
  </ItemGroup>
</Project>